
Microsoft Visual Studio Solution File, Format Version 12.00
# Visual Studio Version 16
VisualStudioVersion = 16.0.30204.135
MinimumVisualStudioVersion = 10.0.40219.1
Project("{FAE04EC0-301F-11D3-BF4B-00C04F79EFBC}") = "Cafeteira", "Cafeteira\Cafeteira.csproj", "{6F6FCF34-FFDB-4CEC-A62B-61FFF98496BF}"
EndProject
Global
	GlobalSection(SolutionConfigurationPlatforms) = preSolution
		Debug|Any CPU = Debug|Any CPU
		Release|Any CPU = Release|Any CPU
	EndGlobalSection
	GlobalSection(ProjectConfigurationPlatforms) = postSolution
		{6F6FCF34-FFDB-4CEC-A62B-61FFF98496BF}.Debug|Any CPU.ActiveCfg = Debug|Any CPU
		{6F6FCF34-FFDB-4CEC-A62B-61FFF98496BF}.Debug|Any CPU.Build.0 = Debug|Any CPU
		{6F6FCF34-FFDB-4CEC-A62B-61FFF98496BF}.Release|Any CPU.ActiveCfg = Release|Any CPU
		{6F6FCF34-FFDB-4CEC-A62B-61FFF98496BF}.Release|Any CPU.Build.0 = Release|Any CPU
	EndGlobalSection
	GlobalSection(SolutionProperties) = preSolution
		HideSolutionNode = FALSE
	EndGlobalSection
	GlobalSection(ExtensibilityGlobals) = postSolution
		SolutionGuid = {D3088D63-020B-4928-AF1C-6407AECC5B4A}
	EndGlobalSection
EndGlobal
